
Microsoft Visual Studio Solution File, Format Version 12.00
# Visual Studio Version 16
VisualStudioVersion = 16.0.29709.97
MinimumVisualStudioVersion = 10.0.40219.1
Project("{9A19103F-16F7-4668-BE54-9A1E7A4F7556}") = "1-PrimeiroProjeto", "PrimeiroProjeto\1-PrimeiroProjeto.csproj", "{27F4A098-68C5-455F-B133-5F06F3545A15}"
EndProject
Project("{9A19103F-16F7-4668-BE54-9A1E7A4F7556}") = "2-CriandoVariaveis", "CriandoVariaveis\2-CriandoVariaveis.csproj", "{34CF7962-DDDB-4E65-971C-B1F1528DB685}"
EndProject
Project("{9A19103F-16F7-4668-BE54-9A1E7A4F7556}") = "3-CriandoVariaveisPontoFlutuante", "3-CriandoVariaveisPontoFlutuante\3-CriandoVariaveisPontoFlutuante.csproj", "{97BABF53-A1A3-4321-8BC7-A7CDA4AEAAFB}"
EndProject
Project("{9A19103F-16F7-4668-BE54-9A1E7A4F7556}") = "4-CriandoVariaveisEOutrosTiposNumericos", "4-CriandoVariaveisEOutrosTiposNumericos\4-CriandoVariaveisEOutrosTiposNumericos.csproj", "{3855C0DB-44F5-4199-96FB-3DD13D5A0252}"
EndProject
Project("{9A19103F-16F7-4668-BE54-9A1E7A4F7556}") = "5-CaracteresETextos", "5-CaracteresETextos\5-CaracteresETextos.csproj", "{AAE7AB80-092A-4CE6-ADD3-921F5C28DEC8}"
EndProject
Project("{9A19103F-16F7-4668-BE54-9A1E7A4F7556}") = "6-AtribuicoesDeVariaveis", "6-AtribuicoesDeVariaveis\6-AtribuicoesDeVariaveis.csproj", "{86A05344-4CE8-4C48-B91D-7C9AF4856F84}"
EndProject
Project("{9A19103F-16F7-4668-BE54-9A1E7A4F7556}") = "7-Condicionais", "7-Condicionais\7-Condicionais.csproj", "{99572FFB-B24F-440F-8F75-116AB1DD3879}"
EndProject
Project("{9A19103F-16F7-4668-BE54-9A1E7A4F7556}") = "8-Condicionais2", "8-Condicionais2\8-Condicionais2.csproj", "{5077D9FD-D2CA-4EFB-84EC-BD63B2BBA753}"
EndProject
Project("{9A19103F-16F7-4668-BE54-9A1E7A4F7556}") = "9-Escopo", "9-Escopo\9-Escopo.csproj", "{4B88ED11-F615-4505-91C5-1B6F52B6578B}"
EndProject
Project("{9A19103F-16F7-4668-BE54-9A1E7A4F7556}") = "P10-LacoRepeticaoWhile", "P10-LacoRepeticaoWhile\P10-LacoRepeticaoWhile.csproj", "{0E09D6A0-FA17-4B1A-B156-AB0B33EC4B63}"
EndProject
Project("{9A19103F-16F7-4668-BE54-9A1E7A4F7556}") = "P11-LacoRepeticaoFor", "P11-LacoRepeticaoFor\P11-LacoRepeticaoFor.csproj", "{A953BF6A-5A02-4D11-A931-BB071EC36453}"
EndProject
Project("{9A19103F-16F7-4668-BE54-9A1E7A4F7556}") = "P12-LacoRepeticaoFor2", "P12-LacoRepeticaoFor2\P12-LacoRepeticaoFor2.csproj", "{7CA31E8C-F087-4BF2-B689-50CBD746FB9A}"
EndProject
Project("{9A19103F-16F7-4668-BE54-9A1E7A4F7556}") = "P13-LacoRepeticaoFor3", "P13-LacoRepeticaoFor3\P13-LacoRepeticaoFor3.csproj", "{2221E9E1-97A7-425D-99BD-439FF0606C2B}"
EndProject
Project("{9A19103F-16F7-4668-BE54-9A1E7A4F7556}") = "P14-ForEach", "P14-ForEach\P14-ForEach.csproj", "{4111A73C-6D24-4619-BA11-0651D5A15F39}"
EndProject
Project("{9A19103F-16F7-4668-BE54-9A1E7A4F7556}") = "P15-DesafioExemploInterface", "DesafioExemploInterface\P15-DesafioExemploInterface.csproj", "{29E4D556-6B1B-44BF-AD19-466E39B64E75}"
EndProject
Project("{9A19103F-16F7-4668-BE54-9A1E7A4F7556}") = "8.1-Condicionais3", "8.1-Condicionais3\8.1-Condicionais3.csproj", "{FCB9F70B-223B-4DDA-B4E9-AFF4C1051778}"
EndProject
Project("{9A19103F-16F7-4668-BE54-9A1E7A4F7556}") = "8.2-Condicionais4", "8.2-Condicionais4\8.2-Condicionais4.csproj", "{F17B972F-67EA-4D7C-9A7D-CD349E96E65A}"
EndProject
Project("{9A19103F-16F7-4668-BE54-9A1E7A4F7556}") = "P10.1-LacoRepeticaoWhile2", "P10.1-LacoRepeticaoWhile2\P10.1-LacoRepeticaoWhile2.csproj", "{4B779899-FFA3-4121-A362-4ACA9739FFFF}"
EndProject
Project("{9A19103F-16F7-4668-BE54-9A1E7A4F7556}") = "P14.1-ForEach2", "P14.1-ForEach2\P14.1-ForEach2.csproj", "{59E224A4-92AC-426A-BD27-4CF58AE771F3}"
EndProject
Project("{9A19103F-16F7-4668-BE54-9A1E7A4F7556}") = "P14.2_ForEach3", "P14.2_ForEach3\P14.2_ForEach3.csproj", "{E3520D6F-E57E-4183-8812-CD3CC49DC4B0}"
EndProject
Project("{FAE04EC0-301F-11D3-BF4B-00C04F79EFBC}") = "P16.SwitchCase", "P16.SwitchCase\P16.SwitchCase.csproj", "{BFD2F861-4763-402C-8F9E-72431F588F7C}"
EndProject
Global
	GlobalSection(SolutionConfigurationPlatforms) = preSolution
		Debug|Any CPU = Debug|Any CPU
		Release|Any CPU = Release|Any CPU
	EndGlobalSection
	GlobalSection(ProjectConfigurationPlatforms) = postSolution
		{27F4A098-68C5-455F-B133-5F06F3545A15}.Debug|Any CPU.ActiveCfg = Debug|Any CPU
		{27F4A098-68C5-455F-B133-5F06F3545A15}.Debug|Any CPU.Build.0 = Debug|Any CPU
		{27F4A098-68C5-455F-B133-5F06F3545A15}.Release|Any CPU.ActiveCfg = Release|Any CPU
		{27F4A098-68C5-455F-B133-5F06F3545A15}.Release|Any CPU.Build.0 = Release|Any CPU
		{34CF7962-DDDB-4E65-971C-B1F1528DB685}.Debug|Any CPU.ActiveCfg = Debug|Any CPU
		{34CF7962-DDDB-4E65-971C-B1F1528DB685}.Debug|Any CPU.Build.0 = Debug|Any CPU
		{34CF7962-DDDB-4E65-971C-B1F1528DB685}.Release|Any CPU.ActiveCfg = Release|Any CPU
		{34CF7962-DDDB-4E65-971C-B1F1528DB685}.Release|Any CPU.Build.0 = Release|Any CPU
		{97BABF53-A1A3-4321-8BC7-A7CDA4AEAAFB}.Debug|Any CPU.ActiveCfg = Debug|Any CPU
		{97BABF53-A1A3-4321-8BC7-A7CDA4AEAAFB}.Debug|Any CPU.Build.0 = Debug|Any CPU
		{97BABF53-A1A3-4321-8BC7-A7CDA4AEAAFB}.Release|Any CPU.ActiveCfg = Release|Any CPU
		{97BABF53-A1A3-4321-8BC7-A7CDA4AEAAFB}.Release|Any CPU.Build.0 = Release|Any CPU
		{3855C0DB-44F5-4199-96FB-3DD13D5A0252}.Debug|Any CPU.ActiveCfg = Debug|Any CPU
		{3855C0DB-44F5-4199-96FB-3DD13D5A0252}.Debug|Any CPU.Build.0 = Debug|Any CPU
		{3855C0DB-44F5-4199-96FB-3DD13D5A0252}.Release|Any CPU.ActiveCfg = Release|Any CPU
		{3855C0DB-44F5-4199-96FB-3DD13D5A0252}.Release|Any CPU.Build.0 = Release|Any CPU
		{AAE7AB80-092A-4CE6-ADD3-921F5C28DEC8}.Debug|Any CPU.ActiveCfg = Debug|Any CPU
		{AAE7AB80-092A-4CE6-ADD3-921F5C28DEC8}.Debug|Any CPU.Build.0 = Debug|Any CPU
		{AAE7AB80-092A-4CE6-ADD3-921F5C28DEC8}.Release|Any CPU.ActiveCfg = Release|Any CPU
		{AAE7AB80-092A-4CE6-ADD3-921F5C28DEC8}.Release|Any CPU.Build.0 = Release|Any CPU
		{86A05344-4CE8-4C48-B91D-7C9AF4856F84}.Debug|Any CPU.ActiveCfg = Debug|Any CPU
		{86A05344-4CE8-4C48-B91D-7C9AF4856F84}.Debug|Any CPU.Build.0 = Debug|Any CPU
		{86A05344-4CE8-4C48-B91D-7C9AF4856F84}.Release|Any CPU.ActiveCfg = Release|Any CPU
		{86A05344-4CE8-4C48-B91D-7C9AF4856F84}.Release|Any CPU.Build.0 = Release|Any CPU
		{99572FFB-B24F-440F-8F75-116AB1DD3879}.Debug|Any CPU.ActiveCfg = Debug|Any CPU
		{99572FFB-B24F-440F-8F75-116AB1DD3879}.Debug|Any CPU.Build.0 = Debug|Any CPU
		{99572FFB-B24F-440F-8F75-116AB1DD3879}.Release|Any CPU.ActiveCfg = Release|Any CPU
		{99572FFB-B24F-440F-8F75-116AB1DD3879}.Release|Any CPU.Build.0 = Release|Any CPU
		{5077D9FD-D2CA-4EFB-84EC-BD63B2BBA753}.Debug|Any CPU.ActiveCfg = Debug|Any CPU
		{5077D9FD-D2CA-4EFB-84EC-BD63B2BBA753}.Debug|Any CPU.Build.0 = Debug|Any CPU
		{5077D9FD-D2CA-4EFB-84EC-BD63B2BBA753}.Release|Any CPU.ActiveCfg = Release|Any CPU
		{5077D9FD-D2CA-4EFB-84EC-BD63B2BBA753}.Release|Any CPU.Build.0 = Release|Any CPU
		{4B88ED11-F615-4505-91C5-1B6F52B6578B}.Debug|Any CPU.ActiveCfg = Debug|Any CPU
		{4B88ED11-F615-4505-91C5-1B6F52B6578B}.Debug|Any CPU.Build.0 = Debug|Any CPU
		{4B88ED11-F615-4505-91C5-1B6F52B6578B}.Release|Any CPU.ActiveCfg = Release|Any CPU
		{4B88ED11-F615-4505-91C5-1B6F52B6578B}.Release|Any CPU.Build.0 = Release|Any CPU
		{0E09D6A0-FA17-4B1A-B156-AB0B33EC4B63}.Debug|Any CPU.ActiveCfg = Debug|Any CPU
		{0E09D6A0-FA17-4B1A-B156-AB0B33EC4B63}.Debug|Any CPU.Build.0 = Debug|Any CPU
		{0E09D6A0-FA17-4B1A-B156-AB0B33EC4B63}.Release|Any CPU.ActiveCfg = Release|Any CPU
		{0E09D6A0-FA17-4B1A-B156-AB0B33EC4B63}.Release|Any CPU.Build.0 = Release|Any CPU
		{A953BF6A-5A02-4D11-A931-BB071EC36453}.Debug|Any CPU.ActiveCfg = Debug|Any CPU
		{A953BF6A-5A02-4D11-A931-BB071EC36453}.Debug|Any CPU.Build.0 = Debug|Any CPU
		{A953BF6A-5A02-4D11-A931-BB071EC36453}.Release|Any CPU.ActiveCfg = Release|Any CPU
		{A953BF6A-5A02-4D11-A931-BB071EC36453}.Release|Any CPU.Build.0 = Release|Any CPU
		{7CA31E8C-F087-4BF2-B689-50CBD746FB9A}.Debug|Any CPU.ActiveCfg = Debug|Any CPU
		{7CA31E8C-F087-4BF2-B689-50CBD746FB9A}.Debug|Any CPU.Build.0 = Debug|Any CPU
		{7CA31E8C-F087-4BF2-B689-50CBD746FB9A}.Release|Any CPU.ActiveCfg = Release|Any CPU
		{7CA31E8C-F087-4BF2-B689-50CBD746FB9A}.Release|Any CPU.Build.0 = Release|Any CPU
		{2221E9E1-97A7-425D-99BD-439FF0606C2B}.Debug|Any CPU.ActiveCfg = Debug|Any CPU
		{2221E9E1-97A7-425D-99BD-439FF0606C2B}.Debug|Any CPU.Build.0 = Debug|Any CPU
		{2221E9E1-97A7-425D-99BD-439FF0606C2B}.Release|Any CPU.ActiveCfg = Release|Any CPU
		{2221E9E1-97A7-425D-99BD-439FF0606C2B}.Release|Any CPU.Build.0 = Release|Any CPU
		{4111A73C-6D24-4619-BA11-0651D5A15F39}.Debug|Any CPU.ActiveCfg = Debug|Any CPU
		{4111A73C-6D24-4619-BA11-0651D5A15F39}.Debug|Any CPU.Build.0 = Debug|Any CPU
		{4111A73C-6D24-4619-BA11-0651D5A15F39}.Release|Any CPU.ActiveCfg = Release|Any CPU
		{4111A73C-6D24-4619-BA11-0651D5A15F39}.Release|Any CPU.Build.0 = Release|Any CPU
		{29E4D556-6B1B-44BF-AD19-466E39B64E75}.Debug|Any CPU.ActiveCfg = Debug|Any CPU
		{29E4D556-6B1B-44BF-AD19-466E39B64E75}.Debug|Any CPU.Build.0 = Debug|Any CPU
		{29E4D556-6B1B-44BF-AD19-466E39B64E75}.Release|Any CPU.ActiveCfg = Release|Any CPU
		{29E4D556-6B1B-44BF-AD19-466E39B64E75}.Release|Any CPU.Build.0 = Release|Any CPU
		{FCB9F70B-223B-4DDA-B4E9-AFF4C1051778}.Debug|Any CPU.ActiveCfg = Debug|Any CPU
		{FCB9F70B-223B-4DDA-B4E9-AFF4C1051778}.Debug|Any CPU.Build.0 = Debug|Any CPU
		{FCB9F70B-223B-4DDA-B4E9-AFF4C1051778}.Release|Any CPU.ActiveCfg = Release|Any CPU
		{FCB9F70B-223B-4DDA-B4E9-AFF4C1051778}.Release|Any CPU.Build.0 = Release|Any CPU
		{F17B972F-67EA-4D7C-9A7D-CD349E96E65A}.Debug|Any CPU.ActiveCfg = Debug|Any CPU
		{F17B972F-67EA-4D7C-9A7D-CD349E96E65A}.Debug|Any CPU.Build.0 = Debug|Any CPU
		{F17B972F-67EA-4D7C-9A7D-CD349E96E65A}.Release|Any CPU.ActiveCfg = Release|Any CPU
		{F17B972F-67EA-4D7C-9A7D-CD349E96E65A}.Release|Any CPU.Build.0 = Release|Any CPU
		{4B779899-FFA3-4121-A362-4ACA9739FFFF}.Debug|Any CPU.ActiveCfg = Debug|Any CPU
		{4B779899-FFA3-4121-A362-4ACA9739FFFF}.Debug|Any CPU.Build.0 = Debug|Any CPU
		{4B779899-FFA3-4121-A362-4ACA9739FFFF}.Release|Any CPU.ActiveCfg = Release|Any CPU
		{4B779899-FFA3-4121-A362-4ACA9739FFFF}.Release|Any CPU.Build.0 = Release|Any CPU
		{59E224A4-92AC-426A-BD27-4CF58AE771F3}.Debug|Any CPU.ActiveCfg = Debug|Any CPU
		{59E224A4-92AC-426A-BD27-4CF58AE771F3}.Debug|Any CPU.Build.0 = Debug|Any CPU
		{59E224A4-92AC-426A-BD27-4CF58AE771F3}.Release|Any CPU.ActiveCfg = Release|Any CPU
		{59E224A4-92AC-426A-BD27-4CF58AE771F3}.Release|Any CPU.Build.0 = Release|Any CPU
		{E3520D6F-E57E-4183-8812-CD3CC49DC4B0}.Debug|Any CPU.ActiveCfg = Debug|Any CPU
		{E3520D6F-E57E-4183-8812-CD3CC49DC4B0}.Debug|Any CPU.Build.0 = Debug|Any CPU
		{E3520D6F-E57E-4183-8812-CD3CC49DC4B0}.Release|Any CPU.ActiveCfg = Release|Any CPU
		{E3520D6F-E57E-4183-8812-CD3CC49DC4B0}.Release|Any CPU.Build.0 = Release|Any CPU
		{BFD2F861-4763-402C-8F9E-72431F588F7C}.Debug|Any CPU.ActiveCfg = Debug|Any CPU
		{BFD2F861-4763-402C-8F9E-72431F588F7C}.Debug|Any CPU.Build.0 = Debug|Any CPU
		{BFD2F861-4763-402C-8F9E-72431F588F7C}.Release|Any CPU.ActiveCfg = Release|Any CPU
		{BFD2F861-4763-402C-8F9E-72431F588F7C}.Release|Any CPU.Build.0 = Release|Any CPU
	EndGlobalSection
	GlobalSection(SolutionProperties) = preSolution
		HideSolutionNode = FALSE
	EndGlobalSection
	GlobalSection(ExtensibilityGlobals) = postSolution
		SolutionGuid = {8BD55564-98F8-478A-9D1C-7038ADBAD71E}
	EndGlobalSection
EndGlobal
